
Microsoft Visual Studio Solution File, Format Version 12.00
# Visual Studio 15
Project("{FAE04EC0-301F-11D3-BF4B-00C04F79EFBC}") = "Marble Blast Clone", "Assembly-CSharp.csproj", "{31222D7B-092E-4AF5-7529-5C81DCA1D489}"
EndProject
Global
	GlobalSection(SolutionConfigurationPlatforms) = preSolution
		Debug|Any CPU = Debug|Any CPU
		Release|Any CPU = Release|Any CPU
	EndGlobalSection
	GlobalSection(ProjectConfigurationPlatforms) = postSolution
		{31222D7B-092E-4AF5-7529-5C81DCA1D489}.Debug|Any CPU.ActiveCfg = Debug|Any CPU
		{31222D7B-092E-4AF5-7529-5C81DCA1D489}.Debug|Any CPU.Build.0 = Debug|Any CPU
		{31222D7B-092E-4AF5-7529-5C81DCA1D489}.Release|Any CPU.ActiveCfg = Release|Any CPU
		{31222D7B-092E-4AF5-7529-5C81DCA1D489}.Release|Any CPU.Build.0 = Release|Any CPU
	EndGlobalSection
	GlobalSection(SolutionProperties) = preSolution
		HideSolutionNode = FALSE
	EndGlobalSection
EndGlobal
